
Microsoft Visual Studio Solution File, Format Version 12.00
# Visual Studio Version 16
VisualStudioVersion = 16.0.30320.27
MinimumVisualStudioVersion = 10.0.40219.1
Project("{FAE04EC0-301F-11D3-BF4B-00C04F79EFBC}") = "ItAcademy.HW02.Client", "HomeWork02\ItAcademy.HW02.Client.csproj", "{F85CF6DD-B6E2-4753-9613-A8F128274DFB}"
EndProject
Project("{2150E333-8FDC-42A3-9474-1A3956D46DE8}") = "2.Domain", "2.Domain", "{8054154A-F6B1-47E5-A9ED-D0A7254206AB}"
EndProject
Project("{2150E333-8FDC-42A3-9474-1A3956D46DE8}") = "3.Infrastructure", "3.Infrastructure", "{46308875-563C-45DB-9BF9-C76DAD6AEAC5}"
EndProject
Project("{2150E333-8FDC-42A3-9474-1A3956D46DE8}") = "1.Presentation", "1.Presentation", "{C4737A34-76C3-4F04-8156-54765FDBF17D}"
EndProject
Project("{FAE04EC0-301F-11D3-BF4B-00C04F79EFBC}") = "ItAcademy.HW02.Domain", "ClassLibrary1\ItAcademy.HW02.Domain.csproj", "{BEDCEADB-8D58-45E8-87A7-F8F6763918F8}"
EndProject
Project("{FAE04EC0-301F-11D3-BF4B-00C04F79EFBC}") = "ItAcademy.HW02.Data", "ClassLibrary2\ItAcademy.HW02.Data.csproj", "{782E8A0F-CBAA-4DF5-99FA-1EE9B444C63C}"
EndProject
Global
	GlobalSection(SolutionConfigurationPlatforms) = preSolution
		Debug|Any CPU = Debug|Any CPU
		Release|Any CPU = Release|Any CPU
	EndGlobalSection
	GlobalSection(ProjectConfigurationPlatforms) = postSolution
		{F85CF6DD-B6E2-4753-9613-A8F128274DFB}.Debug|Any CPU.ActiveCfg = Debug|Any CPU
		{F85CF6DD-B6E2-4753-9613-A8F128274DFB}.Debug|Any CPU.Build.0 = Debug|Any CPU
		{F85CF6DD-B6E2-4753-9613-A8F128274DFB}.Release|Any CPU.ActiveCfg = Release|Any CPU
		{F85CF6DD-B6E2-4753-9613-A8F128274DFB}.Release|Any CPU.Build.0 = Release|Any CPU
		{BEDCEADB-8D58-45E8-87A7-F8F6763918F8}.Debug|Any CPU.ActiveCfg = Debug|Any CPU
		{BEDCEADB-8D58-45E8-87A7-F8F6763918F8}.Debug|Any CPU.Build.0 = Debug|Any CPU
		{BEDCEADB-8D58-45E8-87A7-F8F6763918F8}.Release|Any CPU.ActiveCfg = Release|Any CPU
		{BEDCEADB-8D58-45E8-87A7-F8F6763918F8}.Release|Any CPU.Build.0 = Release|Any CPU
		{782E8A0F-CBAA-4DF5-99FA-1EE9B444C63C}.Debug|Any CPU.ActiveCfg = Debug|Any CPU
		{782E8A0F-CBAA-4DF5-99FA-1EE9B444C63C}.Debug|Any CPU.Build.0 = Debug|Any CPU
		{782E8A0F-CBAA-4DF5-99FA-1EE9B444C63C}.Release|Any CPU.ActiveCfg = Release|Any CPU
		{782E8A0F-CBAA-4DF5-99FA-1EE9B444C63C}.Release|Any CPU.Build.0 = Release|Any CPU
	EndGlobalSection
	GlobalSection(SolutionProperties) = preSolution
		HideSolutionNode = FALSE
	EndGlobalSection
	GlobalSection(NestedProjects) = preSolution
		{F85CF6DD-B6E2-4753-9613-A8F128274DFB} = {C4737A34-76C3-4F04-8156-54765FDBF17D}
		{BEDCEADB-8D58-45E8-87A7-F8F6763918F8} = {8054154A-F6B1-47E5-A9ED-D0A7254206AB}
		{782E8A0F-CBAA-4DF5-99FA-1EE9B444C63C} = {46308875-563C-45DB-9BF9-C76DAD6AEAC5}
	EndGlobalSection
	GlobalSection(ExtensibilityGlobals) = postSolution
		SolutionGuid = {91A13BB3-30D0-42A5-B30C-4B6A79707E12}
	EndGlobalSection
EndGlobal
