
Microsoft Visual Studio Solution File, Format Version 12.00
# Visual Studio Version 16
VisualStudioVersion = 16.0.30413.136
MinimumVisualStudioVersion = 10.0.40219.1
Project("{FAE04EC0-301F-11D3-BF4B-00C04F79EFBC}") = "HW3.Client", "..\HW3\Client\HW3.Client\HW3.Client.csproj", "{B0F60FD5-8FAE-4006-80C8-6975347AD643}"
EndProject
Project("{FAE04EC0-301F-11D3-BF4B-00C04F79EFBC}") = "HW3.Domain", "..\HW3\Domain\HW3.Domain\HW3.Domain.csproj", "{912E67A0-447D-40D1-BCD3-29584342EA9A}"
EndProject
Project("{FAE04EC0-301F-11D3-BF4B-00C04F79EFBC}") = "HW3.Data", "..\HW3\Data\HW3.Data\HW3.Data.csproj", "{D342E6D8-EB90-4FCA-BFC5-98C794956183}"
EndProject
Project("{2150E333-8FDC-42A3-9474-1A3956D46DE8}") = "1 Presentation", "1 Presentation", "{94B4DBEC-2F0E-4358-99B7-E87333D7594B}"
EndProject
Project("{2150E333-8FDC-42A3-9474-1A3956D46DE8}") = "2 Domain", "2 Domain", "{BCBEC330-42A7-4D7B-BA67-083A7920AADD}"
EndProject
Project("{2150E333-8FDC-42A3-9474-1A3956D46DE8}") = "3 Infrastructure", "3 Infrastructure", "{F63DE620-161D-462D-8D2C-B552EDA8122B}"
EndProject
Project("{2150E333-8FDC-42A3-9474-1A3956D46DE8}") = "HW4", "HW4", "{DCFED067-9648-443C-9EA0-5CB960BE7202}"
EndProject
Project("{2150E333-8FDC-42A3-9474-1A3956D46DE8}") = "1 Client", "1 Client", "{D6447791-4007-421A-9445-14D45A2456E0}"
EndProject
Project("{2150E333-8FDC-42A3-9474-1A3956D46DE8}") = "2 Domain", "2 Domain", "{16F46175-2659-4B96-AAC7-F1ED732D2E88}"
EndProject
Project("{2150E333-8FDC-42A3-9474-1A3956D46DE8}") = "3 Data", "3 Data", "{7CA5EF1C-104F-4A2A-B82A-DDE2EEBB055E}"
EndProject
Project("{2150E333-8FDC-42A3-9474-1A3956D46DE8}") = "4 Initializer", "4 Initializer", "{AC8D0CCC-61FD-44B9-A213-9EEA9C4A0EB1}"
EndProject
Project("{FAE04EC0-301F-11D3-BF4B-00C04F79EFBC}") = "HW4.Client", "..\HW4\1 Client\HW4.Client\HW4.Client.csproj", "{95D1C4F5-A9F2-4E10-B94F-2B207A812F84}"
EndProject
Project("{FAE04EC0-301F-11D3-BF4B-00C04F79EFBC}") = "HW4.Domain", "..\HW4\2 Domain\HW4.Domain\HW4.Domain.csproj", "{EC0B6438-D490-448A-B571-97575E16A98B}"
EndProject
Project("{FAE04EC0-301F-11D3-BF4B-00C04F79EFBC}") = "HW4.Data", "..\HW4\3 Data\HW4.Data\HW4.Data.csproj", "{9371B465-279C-4144-B41D-58F8F564EA02}"
EndProject
Project("{FAE04EC0-301F-11D3-BF4B-00C04F79EFBC}") = "HW4.Initializer", "..\HW4\4 Initializer\HW4.Initializer\HW4.Initializer.csproj", "{5B225189-FF52-4245-B265-EDC7A9F33549}"
EndProject
Global
	GlobalSection(SolutionConfigurationPlatforms) = preSolution
		Debug|Any CPU = Debug|Any CPU
		Release|Any CPU = Release|Any CPU
	EndGlobalSection
	GlobalSection(ProjectConfigurationPlatforms) = postSolution
		{B0F60FD5-8FAE-4006-80C8-6975347AD643}.Debug|Any CPU.ActiveCfg = Debug|Any CPU
		{B0F60FD5-8FAE-4006-80C8-6975347AD643}.Debug|Any CPU.Build.0 = Debug|Any CPU
		{B0F60FD5-8FAE-4006-80C8-6975347AD643}.Release|Any CPU.ActiveCfg = Release|Any CPU
		{B0F60FD5-8FAE-4006-80C8-6975347AD643}.Release|Any CPU.Build.0 = Release|Any CPU
		{912E67A0-447D-40D1-BCD3-29584342EA9A}.Debug|Any CPU.ActiveCfg = Debug|Any CPU
		{912E67A0-447D-40D1-BCD3-29584342EA9A}.Debug|Any CPU.Build.0 = Debug|Any CPU
		{912E67A0-447D-40D1-BCD3-29584342EA9A}.Release|Any CPU.ActiveCfg = Release|Any CPU
		{912E67A0-447D-40D1-BCD3-29584342EA9A}.Release|Any CPU.Build.0 = Release|Any CPU
		{D342E6D8-EB90-4FCA-BFC5-98C794956183}.Debug|Any CPU.ActiveCfg = Debug|Any CPU
		{D342E6D8-EB90-4FCA-BFC5-98C794956183}.Debug|Any CPU.Build.0 = Debug|Any CPU
		{D342E6D8-EB90-4FCA-BFC5-98C794956183}.Release|Any CPU.ActiveCfg = Release|Any CPU
		{D342E6D8-EB90-4FCA-BFC5-98C794956183}.Release|Any CPU.Build.0 = Release|Any CPU
		{95D1C4F5-A9F2-4E10-B94F-2B207A812F84}.Debug|Any CPU.ActiveCfg = Debug|Any CPU
		{95D1C4F5-A9F2-4E10-B94F-2B207A812F84}.Debug|Any CPU.Build.0 = Debug|Any CPU
		{95D1C4F5-A9F2-4E10-B94F-2B207A812F84}.Release|Any CPU.ActiveCfg = Release|Any CPU
		{95D1C4F5-A9F2-4E10-B94F-2B207A812F84}.Release|Any CPU.Build.0 = Release|Any CPU
		{EC0B6438-D490-448A-B571-97575E16A98B}.Debug|Any CPU.ActiveCfg = Debug|Any CPU
		{EC0B6438-D490-448A-B571-97575E16A98B}.Debug|Any CPU.Build.0 = Debug|Any CPU
		{EC0B6438-D490-448A-B571-97575E16A98B}.Release|Any CPU.ActiveCfg = Release|Any CPU
		{EC0B6438-D490-448A-B571-97575E16A98B}.Release|Any CPU.Build.0 = Release|Any CPU
		{9371B465-279C-4144-B41D-58F8F564EA02}.Debug|Any CPU.ActiveCfg = Debug|Any CPU
		{9371B465-279C-4144-B41D-58F8F564EA02}.Debug|Any CPU.Build.0 = Debug|Any CPU
		{9371B465-279C-4144-B41D-58F8F564EA02}.Release|Any CPU.ActiveCfg = Release|Any CPU
		{9371B465-279C-4144-B41D-58F8F564EA02}.Release|Any CPU.Build.0 = Release|Any CPU
		{5B225189-FF52-4245-B265-EDC7A9F33549}.Debug|Any CPU.ActiveCfg = Debug|Any CPU
		{5B225189-FF52-4245-B265-EDC7A9F33549}.Debug|Any CPU.Build.0 = Debug|Any CPU
		{5B225189-FF52-4245-B265-EDC7A9F33549}.Release|Any CPU.ActiveCfg = Release|Any CPU
		{5B225189-FF52-4245-B265-EDC7A9F33549}.Release|Any CPU.Build.0 = Release|Any CPU
	EndGlobalSection
	GlobalSection(SolutionProperties) = preSolution
		HideSolutionNode = FALSE
	EndGlobalSection
	GlobalSection(NestedProjects) = preSolution
		{B0F60FD5-8FAE-4006-80C8-6975347AD643} = {94B4DBEC-2F0E-4358-99B7-E87333D7594B}
		{912E67A0-447D-40D1-BCD3-29584342EA9A} = {BCBEC330-42A7-4D7B-BA67-083A7920AADD}
		{D342E6D8-EB90-4FCA-BFC5-98C794956183} = {F63DE620-161D-462D-8D2C-B552EDA8122B}
		{D6447791-4007-421A-9445-14D45A2456E0} = {DCFED067-9648-443C-9EA0-5CB960BE7202}
		{16F46175-2659-4B96-AAC7-F1ED732D2E88} = {DCFED067-9648-443C-9EA0-5CB960BE7202}
		{7CA5EF1C-104F-4A2A-B82A-DDE2EEBB055E} = {DCFED067-9648-443C-9EA0-5CB960BE7202}
		{AC8D0CCC-61FD-44B9-A213-9EEA9C4A0EB1} = {DCFED067-9648-443C-9EA0-5CB960BE7202}
		{95D1C4F5-A9F2-4E10-B94F-2B207A812F84} = {D6447791-4007-421A-9445-14D45A2456E0}
		{EC0B6438-D490-448A-B571-97575E16A98B} = {16F46175-2659-4B96-AAC7-F1ED732D2E88}
		{9371B465-279C-4144-B41D-58F8F564EA02} = {7CA5EF1C-104F-4A2A-B82A-DDE2EEBB055E}
		{5B225189-FF52-4245-B265-EDC7A9F33549} = {AC8D0CCC-61FD-44B9-A213-9EEA9C4A0EB1}
	EndGlobalSection
	GlobalSection(ExtensibilityGlobals) = postSolution
		SolutionGuid = {BB362316-BDAD-466D-ACCD-4ADD4F93AFAF}
	EndGlobalSection
EndGlobal
