
Microsoft Visual Studio Solution File, Format Version 12.00
# Visual Studio Version 16
VisualStudioVersion = 16.0.30320.27
MinimumVisualStudioVersion = 10.0.40219.1
Project("{2150E333-8FDC-42A3-9474-1A3956D46DE8}") = "1Presentation", "1Presentation", "{E2E9DCC1-C8DD-48EC-B119-8ACBBF9005BE}"
EndProject
Project("{2150E333-8FDC-42A3-9474-1A3956D46DE8}") = "2Domain", "2Domain", "{125BDAA8-2B1F-4A85-9E08-050D902AAA04}"
EndProject
Project("{FAE04EC0-301F-11D3-BF4B-00C04F79EFBC}") = "DomainLogics", "DomainLogics\DomainLogics.csproj", "{C48C09AF-6DE9-4944-AD12-243C763647BF}"
EndProject
Project("{2150E333-8FDC-42A3-9474-1A3956D46DE8}") = "3 Infrastructure", "3 Infrastructure", "{99363B57-DBAB-4DB6-8EC0-695573B8D066}"
EndProject
Project("{FAE04EC0-301F-11D3-BF4B-00C04F79EFBC}") = "Data", "Data\Data.csproj", "{5EA6A2D8-8FD2-47EB-8257-F9103F78882B}"
EndProject
Project("{FAE04EC0-301F-11D3-BF4B-00C04F79EFBC}") = "Client", "Presentation\Client.csproj", "{855FB15F-40AA-4CFA-827B-3F84875920F1}"
EndProject
Global
	GlobalSection(SolutionConfigurationPlatforms) = preSolution
		Debug|Any CPU = Debug|Any CPU
		Release|Any CPU = Release|Any CPU
	EndGlobalSection
	GlobalSection(ProjectConfigurationPlatforms) = postSolution
		{C48C09AF-6DE9-4944-AD12-243C763647BF}.Debug|Any CPU.ActiveCfg = Debug|Any CPU
		{C48C09AF-6DE9-4944-AD12-243C763647BF}.Debug|Any CPU.Build.0 = Debug|Any CPU
		{C48C09AF-6DE9-4944-AD12-243C763647BF}.Release|Any CPU.ActiveCfg = Release|Any CPU
		{C48C09AF-6DE9-4944-AD12-243C763647BF}.Release|Any CPU.Build.0 = Release|Any CPU
		{5EA6A2D8-8FD2-47EB-8257-F9103F78882B}.Debug|Any CPU.ActiveCfg = Debug|Any CPU
		{5EA6A2D8-8FD2-47EB-8257-F9103F78882B}.Debug|Any CPU.Build.0 = Debug|Any CPU
		{5EA6A2D8-8FD2-47EB-8257-F9103F78882B}.Release|Any CPU.ActiveCfg = Release|Any CPU
		{5EA6A2D8-8FD2-47EB-8257-F9103F78882B}.Release|Any CPU.Build.0 = Release|Any CPU
		{855FB15F-40AA-4CFA-827B-3F84875920F1}.Debug|Any CPU.ActiveCfg = Debug|Any CPU
		{855FB15F-40AA-4CFA-827B-3F84875920F1}.Debug|Any CPU.Build.0 = Debug|Any CPU
		{855FB15F-40AA-4CFA-827B-3F84875920F1}.Release|Any CPU.ActiveCfg = Release|Any CPU
		{855FB15F-40AA-4CFA-827B-3F84875920F1}.Release|Any CPU.Build.0 = Release|Any CPU
	EndGlobalSection
	GlobalSection(SolutionProperties) = preSolution
		HideSolutionNode = FALSE
	EndGlobalSection
	GlobalSection(NestedProjects) = preSolution
		{C48C09AF-6DE9-4944-AD12-243C763647BF} = {125BDAA8-2B1F-4A85-9E08-050D902AAA04}
		{5EA6A2D8-8FD2-47EB-8257-F9103F78882B} = {99363B57-DBAB-4DB6-8EC0-695573B8D066}
		{855FB15F-40AA-4CFA-827B-3F84875920F1} = {E2E9DCC1-C8DD-48EC-B119-8ACBBF9005BE}
	EndGlobalSection
	GlobalSection(ExtensibilityGlobals) = postSolution
		SolutionGuid = {EC29A857-9D7C-4CE2-A3A0-EDC5B6FBEE47}
	EndGlobalSection
EndGlobal
