
Microsoft Visual Studio Solution File, Format Version 12.00
# Visual Studio Version 16
VisualStudioVersion = 16.0.30320.27
MinimumVisualStudioVersion = 10.0.40219.1
Project("{FAE04EC0-301F-11D3-BF4B-00C04F79EFBC}") = "Home.Bookstore.Client", "Home.Bookstore.Client\Home.Bookstore.Client.csproj", "{B94DF7BA-781B-40FE-B729-6098B637A850}"
EndProject
Project("{FAE04EC0-301F-11D3-BF4B-00C04F79EFBC}") = "Home.Bookstore.Domain", "Home.Bookstore.Domain\Home.Bookstore.Domain.csproj", "{F9811D5F-CB3E-4467-AA53-89BAF985C052}"
EndProject
Project("{FAE04EC0-301F-11D3-BF4B-00C04F79EFBC}") = "Home.Bookstore.Data", "Home.Bookstore.Data\Home.Bookstore.Data.csproj", "{768B9F8D-F7B3-4687-9348-A2A01B7B5E24}"
EndProject
Project("{2150E333-8FDC-42A3-9474-1A3956D46DE8}") = "1 Presentation", "1 Presentation", "{4D1252E7-DB74-47E8-A13B-38A7C9A473A9}"
EndProject
Project("{2150E333-8FDC-42A3-9474-1A3956D46DE8}") = "2 Domain", "2 Domain", "{A07E12CB-C05F-491F-A750-9A34434953F1}"
EndProject
Project("{2150E333-8FDC-42A3-9474-1A3956D46DE8}") = "3 Infrastructure", "3 Infrastructure", "{573E2BF1-2180-4D45-A52D-00EF8F6B873F}"
EndProject
Global
	GlobalSection(SolutionConfigurationPlatforms) = preSolution
		Debug|Any CPU = Debug|Any CPU
		Release|Any CPU = Release|Any CPU
	EndGlobalSection
	GlobalSection(ProjectConfigurationPlatforms) = postSolution
		{B94DF7BA-781B-40FE-B729-6098B637A850}.Debug|Any CPU.ActiveCfg = Debug|Any CPU
		{B94DF7BA-781B-40FE-B729-6098B637A850}.Debug|Any CPU.Build.0 = Debug|Any CPU
		{B94DF7BA-781B-40FE-B729-6098B637A850}.Release|Any CPU.ActiveCfg = Release|Any CPU
		{B94DF7BA-781B-40FE-B729-6098B637A850}.Release|Any CPU.Build.0 = Release|Any CPU
		{F9811D5F-CB3E-4467-AA53-89BAF985C052}.Debug|Any CPU.ActiveCfg = Debug|Any CPU
		{F9811D5F-CB3E-4467-AA53-89BAF985C052}.Debug|Any CPU.Build.0 = Debug|Any CPU
		{F9811D5F-CB3E-4467-AA53-89BAF985C052}.Release|Any CPU.ActiveCfg = Release|Any CPU
		{F9811D5F-CB3E-4467-AA53-89BAF985C052}.Release|Any CPU.Build.0 = Release|Any CPU
		{768B9F8D-F7B3-4687-9348-A2A01B7B5E24}.Debug|Any CPU.ActiveCfg = Debug|Any CPU
		{768B9F8D-F7B3-4687-9348-A2A01B7B5E24}.Debug|Any CPU.Build.0 = Debug|Any CPU
		{768B9F8D-F7B3-4687-9348-A2A01B7B5E24}.Release|Any CPU.ActiveCfg = Release|Any CPU
		{768B9F8D-F7B3-4687-9348-A2A01B7B5E24}.Release|Any CPU.Build.0 = Release|Any CPU
	EndGlobalSection
	GlobalSection(SolutionProperties) = preSolution
		HideSolutionNode = FALSE
	EndGlobalSection
	GlobalSection(NestedProjects) = preSolution
		{B94DF7BA-781B-40FE-B729-6098B637A850} = {4D1252E7-DB74-47E8-A13B-38A7C9A473A9}
		{F9811D5F-CB3E-4467-AA53-89BAF985C052} = {A07E12CB-C05F-491F-A750-9A34434953F1}
		{768B9F8D-F7B3-4687-9348-A2A01B7B5E24} = {573E2BF1-2180-4D45-A52D-00EF8F6B873F}
	EndGlobalSection
	GlobalSection(ExtensibilityGlobals) = postSolution
		SolutionGuid = {59A8B3F1-3980-4589-9D33-7AFCCBEE5330}
	EndGlobalSection
EndGlobal
