
Microsoft Visual Studio Solution File, Format Version 12.00
# Visual Studio Version 16
VisualStudioVersion = 16.0.30309.148
MinimumVisualStudioVersion = 10.0.40219.1
Project("{FAE04EC0-301F-11D3-BF4B-00C04F79EFBC}") = "OrderTrackingSystem.Client", "OrderTrackingSystem\OrderTrackingSystem.Client.csproj", "{13107CCD-D9DC-4D12-A1F4-835321064D84}"
EndProject
Project("{2150E333-8FDC-42A3-9474-1A3956D46DE8}") = "1 Presentation", "1 Presentation", "{D2A7A5CF-4E1B-4469-803D-29316583C675}"
EndProject
Project("{2150E333-8FDC-42A3-9474-1A3956D46DE8}") = "2 Domain", "2 Domain", "{60439B75-D5C9-4A84-BE9B-EA73D3BEC452}"
EndProject
Project("{2150E333-8FDC-42A3-9474-1A3956D46DE8}") = "3 Infrastructure", "3 Infrastructure", "{ACB6887D-F08C-41B4-B39F-43A243B1B4AE}"
EndProject
Project("{FAE04EC0-301F-11D3-BF4B-00C04F79EFBC}") = "OrderTrackingSystem.Domain", "OrderTrackingSystem.Domain\OrderTrackingSystem.Domain.csproj", "{C1DC2656-76ED-49D1-8777-3A579EE0BDDB}"
EndProject
Project("{FAE04EC0-301F-11D3-BF4B-00C04F79EFBC}") = "OrderTrackingSystem.Data", "OrderTrackingSystem.Data\OrderTrackingSystem.Data.csproj", "{F0EBD5EF-811E-4C03-B02B-CE99F5D4DF96}"
EndProject
Global
	GlobalSection(SolutionConfigurationPlatforms) = preSolution
		Debug|Any CPU = Debug|Any CPU
		Release|Any CPU = Release|Any CPU
	EndGlobalSection
	GlobalSection(ProjectConfigurationPlatforms) = postSolution
		{13107CCD-D9DC-4D12-A1F4-835321064D84}.Debug|Any CPU.ActiveCfg = Debug|Any CPU
		{13107CCD-D9DC-4D12-A1F4-835321064D84}.Debug|Any CPU.Build.0 = Debug|Any CPU
		{13107CCD-D9DC-4D12-A1F4-835321064D84}.Release|Any CPU.ActiveCfg = Release|Any CPU
		{13107CCD-D9DC-4D12-A1F4-835321064D84}.Release|Any CPU.Build.0 = Release|Any CPU
		{C1DC2656-76ED-49D1-8777-3A579EE0BDDB}.Debug|Any CPU.ActiveCfg = Debug|Any CPU
		{C1DC2656-76ED-49D1-8777-3A579EE0BDDB}.Debug|Any CPU.Build.0 = Debug|Any CPU
		{C1DC2656-76ED-49D1-8777-3A579EE0BDDB}.Release|Any CPU.ActiveCfg = Release|Any CPU
		{C1DC2656-76ED-49D1-8777-3A579EE0BDDB}.Release|Any CPU.Build.0 = Release|Any CPU
		{F0EBD5EF-811E-4C03-B02B-CE99F5D4DF96}.Debug|Any CPU.ActiveCfg = Debug|Any CPU
		{F0EBD5EF-811E-4C03-B02B-CE99F5D4DF96}.Debug|Any CPU.Build.0 = Debug|Any CPU
		{F0EBD5EF-811E-4C03-B02B-CE99F5D4DF96}.Release|Any CPU.ActiveCfg = Release|Any CPU
		{F0EBD5EF-811E-4C03-B02B-CE99F5D4DF96}.Release|Any CPU.Build.0 = Release|Any CPU
	EndGlobalSection
	GlobalSection(SolutionProperties) = preSolution
		HideSolutionNode = FALSE
	EndGlobalSection
	GlobalSection(NestedProjects) = preSolution
		{13107CCD-D9DC-4D12-A1F4-835321064D84} = {D2A7A5CF-4E1B-4469-803D-29316583C675}
		{C1DC2656-76ED-49D1-8777-3A579EE0BDDB} = {60439B75-D5C9-4A84-BE9B-EA73D3BEC452}
		{F0EBD5EF-811E-4C03-B02B-CE99F5D4DF96} = {ACB6887D-F08C-41B4-B39F-43A243B1B4AE}
	EndGlobalSection
	GlobalSection(ExtensibilityGlobals) = postSolution
		SolutionGuid = {ECF204A9-DE8C-4A2B-8664-B44A8E7D5276}
	EndGlobalSection
EndGlobal
