
Microsoft Visual Studio Solution File, Format Version 12.00
# Visual Studio Version 16
VisualStudioVersion = 16.0.30309.148
MinimumVisualStudioVersion = 10.0.40219.1
Project("{2150E333-8FDC-42A3-9474-1A3956D46DE8}") = "1 Presentation", "1 Presentation", "{57238B58-90F0-4C1A-AC14-9BCDE47C488E}"
EndProject
Project("{2150E333-8FDC-42A3-9474-1A3956D46DE8}") = "2 Domain", "2 Domain", "{7DD1AE0E-FC81-4766-8C4B-6EEA1DF0EACF}"
EndProject
Project("{2150E333-8FDC-42A3-9474-1A3956D46DE8}") = "3 Infrastructure", "3 Infrastructure", "{D2193B49-A256-4E81-AD9A-9C7156267581}"
EndProject
Project("{FAE04EC0-301F-11D3-BF4B-00C04F79EFBC}") = "Bookshop.Domain", "Bookshop.Domain\Bookshop.Domain.csproj", "{F516A4E8-5720-446D-8C51-8A30E1E56130}"
EndProject
Project("{FAE04EC0-301F-11D3-BF4B-00C04F79EFBC}") = "Bookshop.Data", "Bookshop.Data\Bookshop.Data.csproj", "{A1C12449-F074-454C-8A51-73DA45155E36}"
EndProject
Project("{FAE04EC0-301F-11D3-BF4B-00C04F79EFBC}") = "Bookshop.Client", "Bookshop.Client\Bookshop.Client.csproj", "{E97630B1-4D9D-4C09-81D1-7C4BDD466440}"
EndProject
Global
	GlobalSection(SolutionConfigurationPlatforms) = preSolution
		Debug|Any CPU = Debug|Any CPU
		Release|Any CPU = Release|Any CPU
	EndGlobalSection
	GlobalSection(ProjectConfigurationPlatforms) = postSolution
		{F516A4E8-5720-446D-8C51-8A30E1E56130}.Debug|Any CPU.ActiveCfg = Debug|Any CPU
		{F516A4E8-5720-446D-8C51-8A30E1E56130}.Debug|Any CPU.Build.0 = Debug|Any CPU
		{F516A4E8-5720-446D-8C51-8A30E1E56130}.Release|Any CPU.ActiveCfg = Release|Any CPU
		{F516A4E8-5720-446D-8C51-8A30E1E56130}.Release|Any CPU.Build.0 = Release|Any CPU
		{A1C12449-F074-454C-8A51-73DA45155E36}.Debug|Any CPU.ActiveCfg = Debug|Any CPU
		{A1C12449-F074-454C-8A51-73DA45155E36}.Debug|Any CPU.Build.0 = Debug|Any CPU
		{A1C12449-F074-454C-8A51-73DA45155E36}.Release|Any CPU.ActiveCfg = Release|Any CPU
		{A1C12449-F074-454C-8A51-73DA45155E36}.Release|Any CPU.Build.0 = Release|Any CPU
		{E97630B1-4D9D-4C09-81D1-7C4BDD466440}.Debug|Any CPU.ActiveCfg = Debug|Any CPU
		{E97630B1-4D9D-4C09-81D1-7C4BDD466440}.Debug|Any CPU.Build.0 = Debug|Any CPU
		{E97630B1-4D9D-4C09-81D1-7C4BDD466440}.Release|Any CPU.ActiveCfg = Release|Any CPU
		{E97630B1-4D9D-4C09-81D1-7C4BDD466440}.Release|Any CPU.Build.0 = Release|Any CPU
	EndGlobalSection
	GlobalSection(SolutionProperties) = preSolution
		HideSolutionNode = FALSE
	EndGlobalSection
	GlobalSection(NestedProjects) = preSolution
		{F516A4E8-5720-446D-8C51-8A30E1E56130} = {7DD1AE0E-FC81-4766-8C4B-6EEA1DF0EACF}
		{A1C12449-F074-454C-8A51-73DA45155E36} = {D2193B49-A256-4E81-AD9A-9C7156267581}
		{E97630B1-4D9D-4C09-81D1-7C4BDD466440} = {57238B58-90F0-4C1A-AC14-9BCDE47C488E}
	EndGlobalSection
	GlobalSection(ExtensibilityGlobals) = postSolution
		SolutionGuid = {B80B37EE-8422-4C02-B374-E2CF4CC1377E}
	EndGlobalSection
EndGlobal
