
Microsoft Visual Studio Solution File, Format Version 12.00
# Visual Studio Version 16
VisualStudioVersion = 16.0.29728.190
MinimumVisualStudioVersion = 10.0.40219.1
Project("{FAE04EC0-301F-11D3-BF4B-00C04F79EFBC}") = "ItAcademy.Demo.ClassWork.Client.Mvc", "ItAcademy.Demo.ClassWork.Client.Mvc\ItAcademy.Demo.ClassWork.Client.Mvc.csproj", "{FFE8E062-539E-42CA-BA5D-61904C2FF705}"
EndProject
Global
	GlobalSection(SolutionConfigurationPlatforms) = preSolution
		Debug|Any CPU = Debug|Any CPU
		Release|Any CPU = Release|Any CPU
	EndGlobalSection
	GlobalSection(ProjectConfigurationPlatforms) = postSolution
		{FFE8E062-539E-42CA-BA5D-61904C2FF705}.Debug|Any CPU.ActiveCfg = Debug|Any CPU
		{FFE8E062-539E-42CA-BA5D-61904C2FF705}.Debug|Any CPU.Build.0 = Debug|Any CPU
		{FFE8E062-539E-42CA-BA5D-61904C2FF705}.Release|Any CPU.ActiveCfg = Release|Any CPU
		{FFE8E062-539E-42CA-BA5D-61904C2FF705}.Release|Any CPU.Build.0 = Release|Any CPU
	EndGlobalSection
	GlobalSection(SolutionProperties) = preSolution
		HideSolutionNode = FALSE
	EndGlobalSection
	GlobalSection(ExtensibilityGlobals) = postSolution
		SolutionGuid = {20502AC8-A04C-4C7E-85E3-FE2A2725BF01}
	EndGlobalSection
EndGlobal
