
Microsoft Visual Studio Solution File, Format Version 12.00
# Visual Studio Version 16
VisualStudioVersion = 16.0.30309.148
MinimumVisualStudioVersion = 10.0.40219.1
Project("{FAE04EC0-301F-11D3-BF4B-00C04F79EFBC}") = "TaxServiceSpace", "TaxService\TaxServiceSpace.csproj", "{54B412FE-2A33-48F5-9967-FD2DBFA0BF20}"
EndProject
Project("{FAE04EC0-301F-11D3-BF4B-00C04F79EFBC}") = "TaxServiceTest", "TaxService.Test\TaxServiceTest.csproj", "{3E9957AF-DC17-446A-B416-B55CD7BDD339}"
EndProject
Global
	GlobalSection(SolutionConfigurationPlatforms) = preSolution
		Debug|Any CPU = Debug|Any CPU
		Release|Any CPU = Release|Any CPU
	EndGlobalSection
	GlobalSection(ProjectConfigurationPlatforms) = postSolution
		{54B412FE-2A33-48F5-9967-FD2DBFA0BF20}.Debug|Any CPU.ActiveCfg = Debug|Any CPU
		{54B412FE-2A33-48F5-9967-FD2DBFA0BF20}.Debug|Any CPU.Build.0 = Debug|Any CPU
		{54B412FE-2A33-48F5-9967-FD2DBFA0BF20}.Release|Any CPU.ActiveCfg = Release|Any CPU
		{54B412FE-2A33-48F5-9967-FD2DBFA0BF20}.Release|Any CPU.Build.0 = Release|Any CPU
		{3E9957AF-DC17-446A-B416-B55CD7BDD339}.Debug|Any CPU.ActiveCfg = Debug|Any CPU
		{3E9957AF-DC17-446A-B416-B55CD7BDD339}.Debug|Any CPU.Build.0 = Debug|Any CPU
		{3E9957AF-DC17-446A-B416-B55CD7BDD339}.Release|Any CPU.ActiveCfg = Release|Any CPU
		{3E9957AF-DC17-446A-B416-B55CD7BDD339}.Release|Any CPU.Build.0 = Release|Any CPU
	EndGlobalSection
	GlobalSection(SolutionProperties) = preSolution
		HideSolutionNode = FALSE
	EndGlobalSection
	GlobalSection(ExtensibilityGlobals) = postSolution
		SolutionGuid = {185EEAEF-C646-4463-A9A8-D1EB8AF137DA}
	EndGlobalSection
EndGlobal
